
Microsoft Visual Studio Solution File, Format Version 12.00
# Visual Studio 15
VisualStudioVersion = 15.0.28307.902
MinimumVisualStudioVersion = 10.0.40219.1
Project("{FAE04EC0-301F-11D3-BF4B-00C04F79EFBC}") = "A-Level Project (New)", "A-Level Project (New)\A-Level Project (New).csproj", "{EFE70A1E-273C-45F6-90EB-EA0A4E6C4206}"
EndProject
Global
	GlobalSection(SolutionConfigurationPlatforms) = preSolution
		Debug|Any CPU = Debug|Any CPU
		Release|Any CPU = Release|Any CPU
	EndGlobalSection
	GlobalSection(ProjectConfigurationPlatforms) = postSolution
		{EFE70A1E-273C-45F6-90EB-EA0A4E6C4206}.Debug|Any CPU.ActiveCfg = Debug|Any CPU
		{EFE70A1E-273C-45F6-90EB-EA0A4E6C4206}.Debug|Any CPU.Build.0 = Debug|Any CPU
		{EFE70A1E-273C-45F6-90EB-EA0A4E6C4206}.Release|Any CPU.ActiveCfg = Release|Any CPU
		{EFE70A1E-273C-45F6-90EB-EA0A4E6C4206}.Release|Any CPU.Build.0 = Release|Any CPU
	EndGlobalSection
	GlobalSection(SolutionProperties) = preSolution
		HideSolutionNode = FALSE
	EndGlobalSection
	GlobalSection(ExtensibilityGlobals) = postSolution
		SolutionGuid = {35EAA58D-CC2C-4421-B56D-FFFAA791F9E4}
	EndGlobalSection
EndGlobal
